
Microsoft Visual Studio Solution File, Format Version 12.00
# Visual Studio Version 16
VisualStudioVersion = 16.0.29001.49
MinimumVisualStudioVersion = 10.0.40219.1
Project("{FAE04EC0-301F-11D3-BF4B-00C04F79EFBC}") = "VectorRecursive2", "VectorRecursive2\VectorRecursive2.csproj", "{A1D38BBD-22D6-4851-83CE-75F7108CF97D}"
EndProject
Global
	GlobalSection(SolutionConfigurationPlatforms) = preSolution
		Debug|Any CPU = Debug|Any CPU
		Release|Any CPU = Release|Any CPU
	EndGlobalSection
	GlobalSection(ProjectConfigurationPlatforms) = postSolution
		{A1D38BBD-22D6-4851-83CE-75F7108CF97D}.Debug|Any CPU.ActiveCfg = Debug|Any CPU
		{A1D38BBD-22D6-4851-83CE-75F7108CF97D}.Debug|Any CPU.Build.0 = Debug|Any CPU
		{A1D38BBD-22D6-4851-83CE-75F7108CF97D}.Release|Any CPU.ActiveCfg = Release|Any CPU
		{A1D38BBD-22D6-4851-83CE-75F7108CF97D}.Release|Any CPU.Build.0 = Release|Any CPU
	EndGlobalSection
	GlobalSection(SolutionProperties) = preSolution
		HideSolutionNode = FALSE
	EndGlobalSection
	GlobalSection(ExtensibilityGlobals) = postSolution
		SolutionGuid = {1C6DCEFD-8241-4050-972F-C87485A519C3}
	EndGlobalSection
EndGlobal
